
Microsoft Visual Studio Solution File, Format Version 12.00
# Visual Studio Version 16
VisualStudioVersion = 16.0.30114.105
MinimumVisualStudioVersion = 10.0.40219.1
Project("{FAE04EC0-301F-11D3-BF4B-00C04F79EFBC}") = "APLICATIVOS", "APLICATIVOS\APLICATIVOS.csproj", "{5EF87572-593D-471C-8D9D-9C04E9374B02}"
EndProject
Global
	GlobalSection(SolutionConfigurationPlatforms) = preSolution
		Debug|Any CPU = Debug|Any CPU
		Release|Any CPU = Release|Any CPU
	EndGlobalSection
	GlobalSection(ProjectConfigurationPlatforms) = postSolution
		{5EF87572-593D-471C-8D9D-9C04E9374B02}.Debug|Any CPU.ActiveCfg = Debug|Any CPU
		{5EF87572-593D-471C-8D9D-9C04E9374B02}.Debug|Any CPU.Build.0 = Debug|Any CPU
		{5EF87572-593D-471C-8D9D-9C04E9374B02}.Release|Any CPU.ActiveCfg = Release|Any CPU
		{5EF87572-593D-471C-8D9D-9C04E9374B02}.Release|Any CPU.Build.0 = Release|Any CPU
	EndGlobalSection
	GlobalSection(SolutionProperties) = preSolution
		HideSolutionNode = FALSE
	EndGlobalSection
	GlobalSection(ExtensibilityGlobals) = postSolution
		SolutionGuid = {B458DF45-644A-4A48-9901-C2EC21377222}
	EndGlobalSection
EndGlobal
